
Microsoft Visual Studio Solution File, Format Version 12.00
# Visual Studio Version 17
VisualStudioVersion = 17.0.31903.59
MinimumVisualStudioVersion = 10.0.40219.1
Project("{2150E333-8FDC-42A3-9474-1A3956D46DE8}") = "Server", "Server", "{2FE5A0A3-9A07-42E0-B6D3-486E17167C2D}"
EndProject
Project("{FAE04EC0-301F-11D3-BF4B-00C04F79EFBC}") = "Server", "Server\Server.csproj", "{6DC201A7-45E1-4223-8E6B-779E6520859E}"
EndProject
Project("{2150E333-8FDC-42A3-9474-1A3956D46DE8}") = "Server.Tests", "Server.Tests", "{BE4BAB9F-3D26-4D64-AB1C-F37EDEBF5545}"
EndProject
Project("{FAE04EC0-301F-11D3-BF4B-00C04F79EFBC}") = "Server.Tests", "Server.Tests\Server.Tests.csproj", "{AFD5A3E8-9B16-452E-A11D-A688CAA9D8E8}"
EndProject
Global
	GlobalSection(SolutionConfigurationPlatforms) = preSolution
		Debug|Any CPU = Debug|Any CPU
		Release|Any CPU = Release|Any CPU
	EndGlobalSection
	GlobalSection(SolutionProperties) = preSolution
		HideSolutionNode = FALSE
	EndGlobalSection
	GlobalSection(ProjectConfigurationPlatforms) = postSolution
		{6DC201A7-45E1-4223-8E6B-779E6520859E}.Debug|Any CPU.ActiveCfg = Debug|Any CPU
		{6DC201A7-45E1-4223-8E6B-779E6520859E}.Debug|Any CPU.Build.0 = Debug|Any CPU
		{6DC201A7-45E1-4223-8E6B-779E6520859E}.Release|Any CPU.ActiveCfg = Release|Any CPU
		{6DC201A7-45E1-4223-8E6B-779E6520859E}.Release|Any CPU.Build.0 = Release|Any CPU
		{AFD5A3E8-9B16-452E-A11D-A688CAA9D8E8}.Debug|Any CPU.ActiveCfg = Debug|Any CPU
		{AFD5A3E8-9B16-452E-A11D-A688CAA9D8E8}.Debug|Any CPU.Build.0 = Debug|Any CPU
		{AFD5A3E8-9B16-452E-A11D-A688CAA9D8E8}.Release|Any CPU.ActiveCfg = Release|Any CPU
		{AFD5A3E8-9B16-452E-A11D-A688CAA9D8E8}.Release|Any CPU.Build.0 = Release|Any CPU
	EndGlobalSection
	GlobalSection(NestedProjects) = preSolution
		{6DC201A7-45E1-4223-8E6B-779E6520859E} = {2FE5A0A3-9A07-42E0-B6D3-486E17167C2D}
		{AFD5A3E8-9B16-452E-A11D-A688CAA9D8E8} = {BE4BAB9F-3D26-4D64-AB1C-F37EDEBF5545}
	EndGlobalSection
EndGlobal
